
Microsoft Visual Studio Solution File, Format Version 12.00
# Visual Studio 2012
Project("{FAE04EC0-301F-11D3-BF4B-00C04F79EFBC}") = "QLMService", "QLMService\QLMService.csproj", "{7BDDA534-A0EE-4966-9120-7D700660E8F2}"
EndProject
Project("{FAE04EC0-301F-11D3-BF4B-00C04F79EFBC}") = "Host", "Host\Host.csproj", "{AE300154-AEB4-48D7-AE49-25D2FF939F7B}"
EndProject
Global
	GlobalSection(SolutionConfigurationPlatforms) = preSolution
		Debug|Any CPU = Debug|Any CPU
		Release|Any CPU = Release|Any CPU
	EndGlobalSection
	GlobalSection(ProjectConfigurationPlatforms) = postSolution
		{7BDDA534-A0EE-4966-9120-7D700660E8F2}.Debug|Any CPU.ActiveCfg = Debug|Any CPU
		{7BDDA534-A0EE-4966-9120-7D700660E8F2}.Debug|Any CPU.Build.0 = Debug|Any CPU
		{7BDDA534-A0EE-4966-9120-7D700660E8F2}.Release|Any CPU.ActiveCfg = Release|Any CPU
		{7BDDA534-A0EE-4966-9120-7D700660E8F2}.Release|Any CPU.Build.0 = Release|Any CPU
		{AE300154-AEB4-48D7-AE49-25D2FF939F7B}.Debug|Any CPU.ActiveCfg = Debug|Any CPU
		{AE300154-AEB4-48D7-AE49-25D2FF939F7B}.Debug|Any CPU.Build.0 = Debug|Any CPU
		{AE300154-AEB4-48D7-AE49-25D2FF939F7B}.Release|Any CPU.ActiveCfg = Release|Any CPU
		{AE300154-AEB4-48D7-AE49-25D2FF939F7B}.Release|Any CPU.Build.0 = Release|Any CPU
	EndGlobalSection
	GlobalSection(SolutionProperties) = preSolution
		HideSolutionNode = FALSE
	EndGlobalSection
EndGlobal
